# This file is automatically @generated by Cargo.
# It is not intended for manual editing.
version = 4

[[package]]
name = "dsa_graph_structure"
version = "0.1.0"
dependencies = [
 "press-btn-continue",
]

[[package]]
name = "press-btn-continue"
version = "0.2.0"
source = "registry+https://github.com/rust-lang/crates.io-index"
checksum = "ea399120e7666ff7299eff8f5a6cbf7f9be5e83ad7827be6bbc707481aad4e23"
